
Microsoft Visual Studio Solution File, Format Version 12.00
Project("{FAE04EC0-301F-11D3-BF4B-00C04F79EFBC}") = "Proposy.BackOffice.Api", "Proposy.BackOffice.Api\Proposy.BackOffice.Api.csproj", "{890C9025-A2D2-4B8D-BDC6-4D94367B7E38}"
EndProject
Project("{2150E333-8FDC-42A3-9474-1A3956D46DE8}") = "APIs", "APIs", "{CD29B3A3-6962-4310-BFC8-5D3095048095}"
EndProject
Project("{2150E333-8FDC-42A3-9474-1A3956D46DE8}") = "Core", "Core", "{05E0BDA0-DF1E-441F-9858-B756B995D840}"
EndProject
Project("{FAE04EC0-301F-11D3-BF4B-00C04F79EFBC}") = "Domain", "Domain\Domain.csproj", "{139F194B-FABD-4418-B086-38A70BB893C5}"
EndProject
Project("{FAE04EC0-301F-11D3-BF4B-00C04F79EFBC}") = "Application", "Application\Application.csproj", "{1FBCDED6-1207-4899-B389-164302D55618}"
EndProject
Project("{FAE04EC0-301F-11D3-BF4B-00C04F79EFBC}") = "Infrastructure", "Infrastructure\Infrastructure.csproj", "{33EE1EE8-40A9-4704-BD3E-913D3B945605}"
EndProject
Project("{2150E333-8FDC-42A3-9474-1A3956D46DE8}") = "Framework", "Framework", "{463C867E-BA71-4809-B832-45A2CBA93F2E}"
EndProject
Project("{FAE04EC0-301F-11D3-BF4B-00C04F79EFBC}") = "Framework.Domain", "Framework.Domain\Framework.Domain.csproj", "{C31EB89E-6503-4458-9A9F-31504A82AD69}"
EndProject
Project("{FAE04EC0-301F-11D3-BF4B-00C04F79EFBC}") = "Framework.Application", "Framework.Application\Framework.Application.csproj", "{8CA76DDB-F836-4D19-896E-77BDA1B46094}"
EndProject
Project("{FAE04EC0-301F-11D3-BF4B-00C04F79EFBC}") = "Framework.Infrastructure", "Framework.Infrastructure\Framework.Infrastructure.csproj", "{67C509F8-A69A-4AA5-BD2D-B41B18A22ED9}"
EndProject
Project("{FAE04EC0-301F-11D3-BF4B-00C04F79EFBC}") = "Framework.Shared", "Framework.Shared\Framework.Shared.csproj", "{36263180-1975-4C07-BDD3-E0A9CAD818A5}"
EndProject
Global
	GlobalSection(SolutionConfigurationPlatforms) = preSolution
		Debug|Any CPU = Debug|Any CPU
		Release|Any CPU = Release|Any CPU
	EndGlobalSection
	GlobalSection(ProjectConfigurationPlatforms) = postSolution
		{890C9025-A2D2-4B8D-BDC6-4D94367B7E38}.Debug|Any CPU.ActiveCfg = Debug|Any CPU
		{890C9025-A2D2-4B8D-BDC6-4D94367B7E38}.Debug|Any CPU.Build.0 = Debug|Any CPU
		{890C9025-A2D2-4B8D-BDC6-4D94367B7E38}.Release|Any CPU.ActiveCfg = Release|Any CPU
		{890C9025-A2D2-4B8D-BDC6-4D94367B7E38}.Release|Any CPU.Build.0 = Release|Any CPU
		{139F194B-FABD-4418-B086-38A70BB893C5}.Debug|Any CPU.ActiveCfg = Debug|Any CPU
		{139F194B-FABD-4418-B086-38A70BB893C5}.Debug|Any CPU.Build.0 = Debug|Any CPU
		{139F194B-FABD-4418-B086-38A70BB893C5}.Release|Any CPU.ActiveCfg = Release|Any CPU
		{139F194B-FABD-4418-B086-38A70BB893C5}.Release|Any CPU.Build.0 = Release|Any CPU
		{1FBCDED6-1207-4899-B389-164302D55618}.Debug|Any CPU.ActiveCfg = Debug|Any CPU
		{1FBCDED6-1207-4899-B389-164302D55618}.Debug|Any CPU.Build.0 = Debug|Any CPU
		{1FBCDED6-1207-4899-B389-164302D55618}.Release|Any CPU.ActiveCfg = Release|Any CPU
		{1FBCDED6-1207-4899-B389-164302D55618}.Release|Any CPU.Build.0 = Release|Any CPU
		{33EE1EE8-40A9-4704-BD3E-913D3B945605}.Debug|Any CPU.ActiveCfg = Debug|Any CPU
		{33EE1EE8-40A9-4704-BD3E-913D3B945605}.Debug|Any CPU.Build.0 = Debug|Any CPU
		{33EE1EE8-40A9-4704-BD3E-913D3B945605}.Release|Any CPU.ActiveCfg = Release|Any CPU
		{33EE1EE8-40A9-4704-BD3E-913D3B945605}.Release|Any CPU.Build.0 = Release|Any CPU
		{C31EB89E-6503-4458-9A9F-31504A82AD69}.Debug|Any CPU.ActiveCfg = Debug|Any CPU
		{C31EB89E-6503-4458-9A9F-31504A82AD69}.Debug|Any CPU.Build.0 = Debug|Any CPU
		{C31EB89E-6503-4458-9A9F-31504A82AD69}.Release|Any CPU.ActiveCfg = Release|Any CPU
		{C31EB89E-6503-4458-9A9F-31504A82AD69}.Release|Any CPU.Build.0 = Release|Any CPU
		{8CA76DDB-F836-4D19-896E-77BDA1B46094}.Debug|Any CPU.ActiveCfg = Debug|Any CPU
		{8CA76DDB-F836-4D19-896E-77BDA1B46094}.Debug|Any CPU.Build.0 = Debug|Any CPU
		{8CA76DDB-F836-4D19-896E-77BDA1B46094}.Release|Any CPU.ActiveCfg = Release|Any CPU
		{8CA76DDB-F836-4D19-896E-77BDA1B46094}.Release|Any CPU.Build.0 = Release|Any CPU
		{67C509F8-A69A-4AA5-BD2D-B41B18A22ED9}.Debug|Any CPU.ActiveCfg = Debug|Any CPU
		{67C509F8-A69A-4AA5-BD2D-B41B18A22ED9}.Debug|Any CPU.Build.0 = Debug|Any CPU
		{67C509F8-A69A-4AA5-BD2D-B41B18A22ED9}.Release|Any CPU.ActiveCfg = Release|Any CPU
		{67C509F8-A69A-4AA5-BD2D-B41B18A22ED9}.Release|Any CPU.Build.0 = Release|Any CPU
		{36263180-1975-4C07-BDD3-E0A9CAD818A5}.Debug|Any CPU.ActiveCfg = Debug|Any CPU
		{36263180-1975-4C07-BDD3-E0A9CAD818A5}.Debug|Any CPU.Build.0 = Debug|Any CPU
		{36263180-1975-4C07-BDD3-E0A9CAD818A5}.Release|Any CPU.ActiveCfg = Release|Any CPU
		{36263180-1975-4C07-BDD3-E0A9CAD818A5}.Release|Any CPU.Build.0 = Release|Any CPU
	EndGlobalSection
	GlobalSection(NestedProjects) = preSolution
		{890C9025-A2D2-4B8D-BDC6-4D94367B7E38} = {CD29B3A3-6962-4310-BFC8-5D3095048095}
		{139F194B-FABD-4418-B086-38A70BB893C5} = {05E0BDA0-DF1E-441F-9858-B756B995D840}
		{1FBCDED6-1207-4899-B389-164302D55618} = {05E0BDA0-DF1E-441F-9858-B756B995D840}
		{33EE1EE8-40A9-4704-BD3E-913D3B945605} = {05E0BDA0-DF1E-441F-9858-B756B995D840}
		{C31EB89E-6503-4458-9A9F-31504A82AD69} = {463C867E-BA71-4809-B832-45A2CBA93F2E}
		{8CA76DDB-F836-4D19-896E-77BDA1B46094} = {463C867E-BA71-4809-B832-45A2CBA93F2E}
		{67C509F8-A69A-4AA5-BD2D-B41B18A22ED9} = {463C867E-BA71-4809-B832-45A2CBA93F2E}
		{36263180-1975-4C07-BDD3-E0A9CAD818A5} = {463C867E-BA71-4809-B832-45A2CBA93F2E}
	EndGlobalSection
EndGlobal
